
Microsoft Visual Studio Solution File, Format Version 12.00
# Visual Studio Version 17
VisualStudioVersion = 17.9.34714.143
MinimumVisualStudioVersion = 10.0.40219.1
Project("{FAE04EC0-301F-11D3-BF4B-00C04F79EFBC}") = "INTEXII", "INTEXII.csproj", "{4F2DE1BD-2632-4354-8506-1193D929F928}"
EndProject
Global
	GlobalSection(SolutionConfigurationPlatforms) = preSolution
		Debug|Any CPU = Debug|Any CPU
		Release|Any CPU = Release|Any CPU
	EndGlobalSection
	GlobalSection(ProjectConfigurationPlatforms) = postSolution
		{4F2DE1BD-2632-4354-8506-1193D929F928}.Debug|Any CPU.ActiveCfg = Debug|Any CPU
		{4F2DE1BD-2632-4354-8506-1193D929F928}.Debug|Any CPU.Build.0 = Debug|Any CPU
		{4F2DE1BD-2632-4354-8506-1193D929F928}.Release|Any CPU.ActiveCfg = Release|Any CPU
		{4F2DE1BD-2632-4354-8506-1193D929F928}.Release|Any CPU.Build.0 = Release|Any CPU
	EndGlobalSection
	GlobalSection(SolutionProperties) = preSolution
		HideSolutionNode = FALSE
	EndGlobalSection
	GlobalSection(ExtensibilityGlobals) = postSolution
		SolutionGuid = {89A18407-21AD-40CD-B6C0-B396FD931515}
	EndGlobalSection
EndGlobal
